// !$*UTF8*$!
{
	archiveVersion = 1;
	classes = {
	};
	objectVersion = 50;
	objects = {

/* Begin PBXBuildFile section */
		D77512D125A4CD4E007FF1D1 /* AppDelegate.swift in Sources */ = {isa = PBXBuildFile; fileRef = D77512D025A4CD4E007FF1D1 /* AppDelegate.swift */; };
		D77512D325A4CD4E007FF1D1 /* SceneDelegate.swift in Sources */ = {isa = PBXBuildFile; fileRef = D77512D225A4CD4E007FF1D1 /* SceneDelegate.swift */; };
		D77512D525A4CD4E007FF1D1 /* ViewController.swift in Sources */ = {isa = PBXBuildFile; fileRef = D77512D425A4CD4E007FF1D1 /* ViewController.swift */; };
		D77512D825A4CD4E007FF1D1 /* Main.storyboard in Resources */ = {isa = PBXBuildFile; fileRef = D77512D625A4CD4E007FF1D1 /* Main.storyboard */; };
		D77512DA25A4CD51007FF1D1 /* Assets.xcassets in Resources */ = {isa = PBXBuildFile; fileRef = D77512D925A4CD51007FF1D1 /* Assets.xcassets */; };
		D77512DD25A4CD51007FF1D1 /* LaunchScreen.storyboard in Resources */ = {isa = PBXBuildFile; fileRef = D77512DB25A4CD51007FF1D1 /* LaunchScreen.storyboard */; };
		D77512E825A4CD52007FF1D1 /* SecondCEPTests.swift in Sources */ = {isa = PBXBuildFile; fileRef = D77512E725A4CD52007FF1D1 /* SecondCEPTests.swift */; };
		D77512F425A4CEB4007FF1D1 /* Accounts.json in Resources */ = {isa = PBXBuildFile; fileRef = D77512F325A4CEB4007FF1D1 /* Accounts.json */; };
		D77512F925A4CF73007FF1D1 /* Model.swift in Sources */ = {isa = PBXBuildFile; fileRef = D77512F825A4CF73007FF1D1 /* Model.swift */; };
		D77512FB25A4D004007FF1D1 /* ViewModel.swift in Sources */ = {isa = PBXBuildFile; fileRef = D77512FA25A4D004007FF1D1 /* ViewModel.swift */; };
		D775130225A62F5A007FF1D1 /* LocalFileHelper.swift in Sources */ = {isa = PBXBuildFile; fileRef = D775130125A62F5A007FF1D1 /* LocalFileHelper.swift */; };
		D776F8C725AA1341009A3D1F /* LocalFileHelperTest.swift in Sources */ = {isa = PBXBuildFile; fileRef = D776F8C625AA1341009A3D1F /* LocalFileHelperTest.swift */; };
		D77AD62325A720940017B985 /* AccountsCell.swift in Sources */ = {isa = PBXBuildFile; fileRef = D77AD62125A720940017B985 /* AccountsCell.swift */; };
		D77AD62425A720940017B985 /* AccountsCell.xib in Resources */ = {isa = PBXBuildFile; fileRef = D77AD62225A720940017B985 /* AccountsCell.xib */; };
		D77AD62625A799A90017B985 /* ViewModelTest.swift in Sources */ = {isa = PBXBuildFile; fileRef = D77AD62525A799A90017B985 /* ViewModelTest.swift */; };
/* End PBXBuildFile section */

/* Begin PBXContainerItemProxy section */
		D77512E425A4CD52007FF1D1 /* PBXContainerItemProxy */ = {
			isa = PBXContainerItemProxy;
			containerPortal = D77512C525A4CD4E007FF1D1 /* Project object */;
			proxyType = 1;
			remoteGlobalIDString = D77512CC25A4CD4E007FF1D1;
			remoteInfo = SecondCEP;
		};
/* End PBXContainerItemProxy section */

/* Begin PBXFileReference section */
		D77512CD25A4CD4E007FF1D1 /* SecondCEP.app */ = {isa = PBXFileReference; explicitFileType = wrapper.application; includeInIndex = 0; path = SecondCEP.app; sourceTree = BUILT_PRODUCTS_DIR; };
		D77512D025A4CD4E007FF1D1 /* AppDelegate.swift */ = {isa = PBXFileReference; lastKnownFileType = sourcecode.swift; path = AppDelegate.swift; sourceTree = "<group>"; };
		D77512D225A4CD4E007FF1D1 /* SceneDelegate.swift */ = {isa = PBXFileReference; lastKnownFileType = sourcecode.swift; path = SceneDelegate.swift; sourceTree = "<group>"; };
		D77512D425A4CD4E007FF1D1 /* ViewController.swift */ = {isa = PBXFileReference; lastKnownFileType = sourcecode.swift; path = ViewController.swift; sourceTree = "<group>"; };
		D77512D725A4CD4E007FF1D1 /* Base */ = {isa = PBXFileReference; lastKnownFileType = file.storyboard; name = Base; path = Base.lproj/Main.storyboard; sourceTree = "<group>"; };
		D77512D925A4CD51007FF1D1 /* Assets.xcassets */ = {isa = PBXFileReference; lastKnownFileType = folder.assetcatalog; path = Assets.xcassets; sourceTree = "<group>"; };
		D77512DC25A4CD51007FF1D1 /* Base */ = {isa = PBXFileReference; lastKnownFileType = file.storyboard; name = Base; path = Base.lproj/LaunchScreen.storyboard; sourceTree = "<group>"; };
		D77512DE25A4CD51007FF1D1 /* Info.plist */ = {isa = PBXFileReference; lastKnownFileType = text.plist.xml; path = Info.plist; sourceTree = "<group>"; };
		D77512E325A4CD52007FF1D1 /* SecondCEPTests.xctest */ = {isa = PBXFileReference; explicitFileType = wrapper.cfbundle; includeInIndex = 0; path = SecondCEPTests.xctest; sourceTree = BUILT_PRODUCTS_DIR; };
		D77512E725A4CD52007FF1D1 /* SecondCEPTests.swift */ = {isa = PBXFileReference; lastKnownFileType = sourcecode.swift; path = SecondCEPTests.swift; sourceTree = "<group>"; };
		D77512E925A4CD52007FF1D1 /* Info.plist */ = {isa = PBXFileReference; lastKnownFileType = text.plist.xml; path = Info.plist; sourceTree = "<group>"; };
		D77512F325A4CEB4007FF1D1 /* Accounts.json */ = {isa = PBXFileReference; fileEncoding = 4; lastKnownFileType = text.json; path = Accounts.json; sourceTree = "<group>"; };
		D77512F825A4CF73007FF1D1 /* Model.swift */ = {isa = PBXFileReference; lastKnownFileType = sourcecode.swift; path = Model.swift; sourceTree = "<group>"; };
		D77512FA25A4D004007FF1D1 /* ViewModel.swift */ = {isa = PBXFileReference; lastKnownFileType = sourcecode.swift; path = ViewModel.swift; sourceTree = "<group>"; };
		D775130125A62F5A007FF1D1 /* LocalFileHelper.swift */ = {isa = PBXFileReference; lastKnownFileType = sourcecode.swift; path = LocalFileHelper.swift; sourceTree = "<group>"; };
		D776F8C625AA1341009A3D1F /* LocalFileHelperTest.swift */ = {isa = PBXFileReference; lastKnownFileType = sourcecode.swift; path = LocalFileHelperTest.swift; sourceTree = "<group>"; };
		D77AD62125A720940017B985 /* AccountsCell.swift */ = {isa = PBXFileReference; lastKnownFileType = sourcecode.swift; path = AccountsCell.swift; sourceTree = "<group>"; };
		D77AD62225A720940017B985 /* AccountsCell.xib */ = {isa = PBXFileReference; lastKnownFileType = file.xib; path = AccountsCell.xib; sourceTree = "<group>"; };
		D77AD62525A799A90017B985 /* ViewModelTest.swift */ = {isa = PBXFileReference; lastKnownFileType = sourcecode.swift; path = ViewModelTest.swift; sourceTree = "<group>"; };
/* End PBXFileReference section */

/* Begin PBXFrameworksBuildPhase section */
		D77512CA25A4CD4E007FF1D1 /* Frameworks */ = {
			isa = PBXFrameworksBuildPhase;
			buildActionMask = 2147483647;
			files = (
			);
			runOnlyForDeploymentPostprocessing = 0;
		};
		D77512E025A4CD52007FF1D1 /* Frameworks */ = {
			isa = PBXFrameworksBuildPhase;
			buildActionMask = 2147483647;
			files = (
			);
			runOnlyForDeploymentPostprocessing = 0;
		};
/* End PBXFrameworksBuildPhase section */

/* Begin PBXGroup section */
		D77512C425A4CD4E007FF1D1 = {
			isa = PBXGroup;
			children = (
				D77512CF25A4CD4E007FF1D1 /* SecondCEP */,
				D77512E625A4CD52007FF1D1 /* SecondCEPTests */,
				D77512CE25A4CD4E007FF1D1 /* Products */,
			);
			sourceTree = "<group>";
		};
		D77512CE25A4CD4E007FF1D1 /* Products */ = {
			isa = PBXGroup;
			children = (
				D77512CD25A4CD4E007FF1D1 /* SecondCEP.app */,
				D77512E325A4CD52007FF1D1 /* SecondCEPTests.xctest */,
			);
			name = Products;
			sourceTree = "<group>";
		};
		D77512CF25A4CD4E007FF1D1 /* SecondCEP */ = {
			isa = PBXGroup;
			children = (
				D775130025A62F34007FF1D1 /* Helpers */,
				D77512F725A4CF32007FF1D1 /* ViewModel */,
				D77512F625A4CF29007FF1D1 /* Model */,
				D77512F525A4CEBD007FF1D1 /* View */,
				D77512F225A4CE70007FF1D1 /* Misc */,
				D77512DE25A4CD51007FF1D1 /* Info.plist */,
			);
			path = SecondCEP;
			sourceTree = "<group>";
		};
		D77512E625A4CD52007FF1D1 /* SecondCEPTests */ = {
			isa = PBXGroup;
			children = (
				D776F8C625AA1341009A3D1F /* LocalFileHelperTest.swift */,
				D77512E725A4CD52007FF1D1 /* SecondCEPTests.swift */,
				D77512E925A4CD52007FF1D1 /* Info.plist */,
				D77AD62525A799A90017B985 /* ViewModelTest.swift */,
			);
			path = SecondCEPTests;
			sourceTree = "<group>";
		};
		D77512F225A4CE70007FF1D1 /* Misc */ = {
			isa = PBXGroup;
			children = (
				D77512F325A4CEB4007FF1D1 /* Accounts.json */,
				D77512D025A4CD4E007FF1D1 /* AppDelegate.swift */,
				D77512D225A4CD4E007FF1D1 /* SceneDelegate.swift */,
				D77512D925A4CD51007FF1D1 /* Assets.xcassets */,
				D77512DB25A4CD51007FF1D1 /* LaunchScreen.storyboard */,
			);
			path = Misc;
			sourceTree = "<group>";
		};
		D77512F525A4CEBD007FF1D1 /* View */ = {
			isa = PBXGroup;
			children = (
				D77512D425A4CD4E007FF1D1 /* ViewController.swift */,
				D77512D625A4CD4E007FF1D1 /* Main.storyboard */,
				D77AD62125A720940017B985 /* AccountsCell.swift */,
				D77AD62225A720940017B985 /* AccountsCell.xib */,
			);
			path = View;
			sourceTree = "<group>";
		};
		D77512F625A4CF29007FF1D1 /* Model */ = {
			isa = PBXGroup;
			children = (
				D77512F825A4CF73007FF1D1 /* Model.swift */,
			);
			path = Model;
			sourceTree = "<group>";
		};
		D77512F725A4CF32007FF1D1 /* ViewModel */ = {
			isa = PBXGroup;
			children = (
				D77512FA25A4D004007FF1D1 /* ViewModel.swift */,
			);
			path = ViewModel;
			sourceTree = "<group>";
		};
		D775130025A62F34007FF1D1 /* Helpers */ = {
			isa = PBXGroup;
			children = (
				D775130125A62F5A007FF1D1 /* LocalFileHelper.swift */,
			);
			path = Helpers;
			sourceTree = "<group>";
		};
/* End PBXGroup section */

/* Begin PBXNativeTarget section */
		D77512CC25A4CD4E007FF1D1 /* SecondCEP */ = {
			isa = PBXNativeTarget;
			buildConfigurationList = D77512EC25A4CD52007FF1D1 /* Build configuration list for PBXNativeTarget "SecondCEP" */;
			buildPhases = (
				D77512C925A4CD4E007FF1D1 /* Sources */,
				D77512CA25A4CD4E007FF1D1 /* Frameworks */,
				D77512CB25A4CD4E007FF1D1 /* Resources */,
			);
			buildRules = (
			);
			dependencies = (
			);
			name = SecondCEP;
			productName = SecondCEP;
			productReference = D77512CD25A4CD4E007FF1D1 /* SecondCEP.app */;
			productType = "com.apple.product-type.application";
		};
		D77512E225A4CD52007FF1D1 /* SecondCEPTests */ = {
			isa = PBXNativeTarget;
			buildConfigurationList = D77512EF25A4CD52007FF1D1 /* Build configuration list for PBXNativeTarget "SecondCEPTests" */;
			buildPhases = (
				D77512DF25A4CD52007FF1D1 /* Sources */,
				D77512E025A4CD52007FF1D1 /* Frameworks */,
				D77512E125A4CD52007FF1D1 /* Resources */,
			);
			buildRules = (
			);
			dependencies = (
				D77512E525A4CD52007FF1D1 /* PBXTargetDependency */,
			);
			name = SecondCEPTests;
			productName = SecondCEPTests;
			productReference = D77512E325A4CD52007FF1D1 /* SecondCEPTests.xctest */;
			productType = "com.apple.product-type.bundle.unit-test";
		};
/* End PBXNativeTarget section */

/* Begin PBXProject section */
		D77512C525A4CD4E007FF1D1 /* Project object */ = {
			isa = PBXProject;
			attributes = {
				LastSwiftUpdateCheck = 1130;
				LastUpgradeCheck = 1130;
				ORGANIZATIONNAME = "The App Experts";
				TargetAttributes = {
					D77512CC25A4CD4E007FF1D1 = {
						CreatedOnToolsVersion = 11.3.1;
					};
					D77512E225A4CD52007FF1D1 = {
						CreatedOnToolsVersion = 11.3.1;
						TestTargetID = D77512CC25A4CD4E007FF1D1;
					};
				};
			};
			buildConfigurationList = D77512C825A4CD4E007FF1D1 /* Build configuration list for PBXProject "SecondCEP" */;
			compatibilityVersion = "Xcode 9.3";
			developmentRegion = en;
			hasScannedForEncodings = 0;
			knownRegions = (
				en,
				Base,
			);
			mainGroup = D77512C425A4CD4E007FF1D1;
			productRefGroup = D77512CE25A4CD4E007FF1D1 /* Products */;
			projectDirPath = "";
			projectRoot = "";
			targets = (
				D77512CC25A4CD4E007FF1D1 /* SecondCEP */,
				D77512E225A4CD52007FF1D1 /* SecondCEPTests */,
			);
		};
/* End PBXProject section */

/* Begin PBXResourcesBuildPhase section */
		D77512CB25A4CD4E007FF1D1 /* Resources */ = {
			isa = PBXResourcesBuildPhase;
			buildActionMask = 2147483647;
			files = (
				D77AD62425A720940017B985 /* AccountsCell.xib in Resources */,
				D77512DD25A4CD51007FF1D1 /* LaunchScreen.storyboard in Resources */,
				D77512F425A4CEB4007FF1D1 /* Accounts.json in Resources */,
				D77512DA25A4CD51007FF1D1 /* Assets.xcassets in Resources */,
				D77512D825A4CD4E007FF1D1 /* Main.storyboard in Resources */,
			);
			runOnlyForDeploymentPostprocessing = 0;
		};
		D77512E125A4CD52007FF1D1 /* Resources */ = {
			isa = PBXResourcesBuildPhase;
			buildActionMask = 2147483647;
			files = (
			);
			runOnlyForDeploymentPostprocessing = 0;
		};
/* End PBXResourcesBuildPhase section */

/* Begin PBXSourcesBuildPhase section */
		D77512C925A4CD4E007FF1D1 /* Sources */ = {
			isa = PBXSourcesBuildPhase;
			buildActionMask = 2147483647;
			files = (
				D77512FB25A4D004007FF1D1 /* ViewModel.swift in Sources */,
				D775130225A62F5A007FF1D1 /* LocalFileHelper.swift in Sources */,
				D77512D525A4CD4E007FF1D1 /* ViewController.swift in Sources */,
				D77512D125A4CD4E007FF1D1 /* AppDelegate.swift in Sources */,
				D77AD62325A720940017B985 /* AccountsCell.swift in Sources */,
				D77512D325A4CD4E007FF1D1 /* SceneDelegate.swift in Sources */,
				D77512F925A4CF73007FF1D1 /* Model.swift in Sources */,
			);
			runOnlyForDeploymentPostprocessing = 0;
		};
		D77512DF25A4CD52007FF1D1 /* Sources */ = {
			isa = PBXSourcesBuildPhase;
			buildActionMask = 2147483647;
			files = (
				D77AD62625A799A90017B985 /* ViewModelTest.swift in Sources */,
				D77512E825A4CD52007FF1D1 /* SecondCEPTests.swift in Sources */,
				D776F8C725AA1341009A3D1F /* LocalFileHelperTest.swift in Sources */,
			);
			runOnlyForDeploymentPostprocessing = 0;
		};
/* End PBXSourcesBuildPhase section */

/* Begin PBXTargetDependency section */
		D77512E525A4CD52007FF1D1 /* PBXTargetDependency */ = {
			isa = PBXTargetDependency;
			target = D77512CC25A4CD4E007FF1D1 /* SecondCEP */;
			targetProxy = D77512E425A4CD52007FF1D1 /* PBXContainerItemProxy */;
		};
/* End PBXTargetDependency section */

/* Begin PBXVariantGroup section */
		D77512D625A4CD4E007FF1D1 /* Main.storyboard */ = {
			isa = PBXVariantGroup;
			children = (
				D77512D725A4CD4E007FF1D1 /* Base */,
			);
			name = Main.storyboard;
			sourceTree = "<group>";
		};
		D77512DB25A4CD51007FF1D1 /* LaunchScreen.storyboard */ = {
			isa = PBXVariantGroup;
			children = (
				D77512DC25A4CD51007FF1D1 /* Base */,
			);
			name = LaunchScreen.storyboard;
			sourceTree = "<group>";
		};
/* End PBXVariantGroup section */

/* Begin XCBuildConfiguration section */
		D77512EA25A4CD52007FF1D1 /* Debug */ = {
			isa = XCBuildConfiguration;
			buildSettings = {
				ALWAYS_SEARCH_USER_PATHS = NO;
				CLANG_ANALYZER_NONNULL = YES;
				CLANG_ANALYZER_NUMBER_OBJECT_CONVERSION = YES_AGGRESSIVE;
				CLANG_CXX_LANGUAGE_STANDARD = "gnu++14";
				CLANG_CXX_LIBRARY = "libc++";
				CLANG_ENABLE_MODULES = YES;
				CLANG_ENABLE_OBJC_ARC = YES;
				CLANG_ENABLE_OBJC_WEAK = YES;
				CLANG_WARN_BLOCK_CAPTURE_AUTORELEASING = YES;
				CLANG_WARN_BOOL_CONVERSION = YES;
				CLANG_WARN_COMMA = YES;
				CLANG_WARN_CONSTANT_CONVERSION = YES;
				CLANG_WARN_DEPRECATED_OBJC_IMPLEMENTATIONS = YES;
				CLANG_WARN_DIRECT_OBJC_ISA_USAGE = YES_ERROR;
				CLANG_WARN_DOCUMENTATION_COMMENTS = YES;
				CLANG_WARN_EMPTY_BODY = YES;
				CLANG_WARN_ENUM_CONVERSION = YES;
				CLANG_WARN_INFINITE_RECURSION = YES;
				CLANG_WARN_INT_CONVERSION = YES;
				CLANG_WARN_NON_LITERAL_NULL_CONVERSION = YES;
				CLANG_WARN_OBJC_IMPLICIT_RETAIN_SELF = YES;
				CLANG_WARN_OBJC_LITERAL_CONVERSION = YES;
				CLANG_WARN_OBJC_ROOT_CLASS = YES_ERROR;
				CLANG_WARN_RANGE_LOOP_ANALYSIS = YES;
				CLANG_WARN_STRICT_PROTOTYPES = YES;
				CLANG_WARN_SUSPICIOUS_MOVE = YES;
				CLANG_WARN_UNGUARDED_AVAILABILITY = YES_AGGRESSIVE;
				CLANG_WARN_UNREACHABLE_CODE = YES;
				CLANG_WARN__DUPLICATE_METHOD_MATCH = YES;
				COPY_PHASE_STRIP = NO;
				DEBUG_INFORMATION_FORMAT = dwarf;
				ENABLE_STRICT_OBJC_MSGSEND = YES;
				ENABLE_TESTABILITY = YES;
				GCC_C_LANGUAGE_STANDARD = gnu11;
				GCC_DYNAMIC_NO_PIC = NO;
				GCC_NO_COMMON_BLOCKS = YES;
				GCC_OPTIMIZATION_LEVEL = 0;
				GCC_PREPROCESSOR_DEFINITIONS = (
					"DEBUG=1",
					"$(inherited)",
				);
				GCC_WARN_64_TO_32_BIT_CONVERSION = YES;
				GCC_WARN_ABOUT_RETURN_TYPE = YES_ERROR;
				GCC_WARN_UNDECLARED_SELECTOR = YES;
				GCC_WARN_UNINITIALIZED_AUTOS = YES_AGGRESSIVE;
				GCC_WARN_UNUSED_FUNCTION = YES;
				GCC_WARN_UNUSED_VARIABLE = YES;
				IPHONEOS_DEPLOYMENT_TARGET = 13.2;
				MTL_ENABLE_DEBUG_INFO = INCLUDE_SOURCE;
				MTL_FAST_MATH = YES;
				ONLY_ACTIVE_ARCH = YES;
				SDKROOT = iphoneos;
				SWIFT_ACTIVE_COMPILATION_CONDITIONS = DEBUG;
				SWIFT_OPTIMIZATION_LEVEL = "-Onone";
			};
			name = Debug;
		};
		D77512EB25A4CD52007FF1D1 /* Release */ = {
			isa = XCBuildConfiguration;
			buildSettings = {
				ALWAYS_SEARCH_USER_PATHS = NO;
				CLANG_ANALYZER_NONNULL = YES;
				CLANG_ANALYZER_NUMBER_OBJECT_CONVERSION = YES_AGGRESSIVE;
				CLANG_CXX_LANGUAGE_STANDARD = "gnu++14";
				CLANG_CXX_LIBRARY = "libc++";
				CLANG_ENABLE_MODULES = YES;
				CLANG_ENABLE_OBJC_ARC = YES;
				CLANG_ENABLE_OBJC_WEAK = YES;
				CLANG_WARN_BLOCK_CAPTURE_AUTORELEASING = YES;
				CLANG_WARN_BOOL_CONVERSION = YES;
				CLANG_WARN_COMMA = YES;
				CLANG_WARN_CONSTANT_CONVERSION = YES;
				CLANG_WARN_DEPRECATED_OBJC_IMPLEMENTATIONS = YES;
				CLANG_WARN_DIRECT_OBJC_ISA_USAGE = YES_ERROR;
				CLANG_WARN_DOCUMENTATION_COMMENTS = YES;
				CLANG_WARN_EMPTY_BODY = YES;
				CLANG_WARN_ENUM_CONVERSION = YES;
				CLANG_WARN_INFINITE_RECURSION = YES;
				CLANG_WARN_INT_CONVERSION = YES;
				CLANG_WARN_NON_LITERAL_NULL_CONVERSION = YES;
				CLANG_WARN_OBJC_IMPLICIT_RETAIN_SELF = YES;
				CLANG_WARN_OBJC_LITERAL_CONVERSION = YES;
				CLANG_WARN_OBJC_ROOT_CLASS = YES_ERROR;
				CLANG_WARN_RANGE_LOOP_ANALYSIS = YES;
				CLANG_WARN_STRICT_PROTOTYPES = YES;
				CLANG_WARN_SUSPICIOUS_MOVE = YES;
				CLANG_WARN_UNGUARDED_AVAILABILITY = YES_AGGRESSIVE;
				CLANG_WARN_UNREACHABLE_CODE = YES;
				CLANG_WARN__DUPLICATE_METHOD_MATCH = YES;
				COPY_PHASE_STRIP = NO;
				DEBUG_INFORMATION_FORMAT = "dwarf-with-dsym";
				ENABLE_NS_ASSERTIONS = NO;
				ENABLE_STRICT_OBJC_MSGSEND = YES;
				GCC_C_LANGUAGE_STANDARD = gnu11;
				GCC_NO_COMMON_BLOCKS = YES;
				GCC_WARN_64_TO_32_BIT_CONVERSION = YES;
				GCC_WARN_ABOUT_RETURN_TYPE = YES_ERROR;
				GCC_WARN_UNDECLARED_SELECTOR = YES;
				GCC_WARN_UNINITIALIZED_AUTOS = YES_AGGRESSIVE;
				GCC_WARN_UNUSED_FUNCTION = YES;
				GCC_WARN_UNUSED_VARIABLE = YES;
				IPHONEOS_DEPLOYMENT_TARGET = 13.2;
				MTL_ENABLE_DEBUG_INFO = NO;
				MTL_FAST_MATH = YES;
				SDKROOT = iphoneos;
				SWIFT_COMPILATION_MODE = wholemodule;
				SWIFT_OPTIMIZATION_LEVEL = "-O";
				VALIDATE_PRODUCT = YES;
			};
			name = Release;
		};
		D77512ED25A4CD52007FF1D1 /* Debug */ = {
			isa = XCBuildConfiguration;
			buildSettings = {
				ASSETCATALOG_COMPILER_APPICON_NAME = AppIcon;
				CODE_SIGN_STYLE = Automatic;
				DEVELOPMENT_TEAM = V4B9WRAZKW;
				INFOPLIST_FILE = SecondCEP/Info.plist;
				LD_RUNPATH_SEARCH_PATHS = (
					"$(inherited)",
					"@executable_path/Frameworks",
				);
				PRODUCT_BUNDLE_IDENTIFIER = eu.rjch.SecondCEP;
				PRODUCT_NAME = "$(TARGET_NAME)";
				SWIFT_VERSION = 5.0;
				TARGETED_DEVICE_FAMILY = "1,2";
			};
			name = Debug;
		};
		D77512EE25A4CD52007FF1D1 /* Release */ = {
			isa = XCBuildConfiguration;
			buildSettings = {
				ASSETCATALOG_COMPILER_APPICON_NAME = AppIcon;
				CODE_SIGN_STYLE = Automatic;
				DEVELOPMENT_TEAM = V4B9WRAZKW;
				INFOPLIST_FILE = SecondCEP/Info.plist;
				LD_RUNPATH_SEARCH_PATHS = (
					"$(inherited)",
					"@executable_path/Frameworks",
				);
				PRODUCT_BUNDLE_IDENTIFIER = eu.rjch.SecondCEP;
				PRODUCT_NAME = "$(TARGET_NAME)";
				SWIFT_VERSION = 5.0;
				TARGETED_DEVICE_FAMILY = "1,2";
			};
			name = Release;
		};
		D77512F025A4CD52007FF1D1 /* Debug */ = {
			isa = XCBuildConfiguration;
			buildSettings = {
				ALWAYS_EMBED_SWIFT_STANDARD_LIBRARIES = YES;
				BUNDLE_LOADER = "$(TEST_HOST)";
				CODE_SIGN_STYLE = Automatic;
				DEVELOPMENT_TEAM = V4B9WRAZKW;
				INFOPLIST_FILE = SecondCEPTests/Info.plist;
				IPHONEOS_DEPLOYMENT_TARGET = 13.2;
				LD_RUNPATH_SEARCH_PATHS = (
					"$(inherited)",
					"@executable_path/Frameworks",
					"@loader_path/Frameworks",
				);
				PRODUCT_BUNDLE_IDENTIFIER = eu.rjch.SecondCEPTests;
				PRODUCT_NAME = "$(TARGET_NAME)";
				SWIFT_VERSION = 5.0;
				TARGETED_DEVICE_FAMILY = "1,2";
				TEST_HOST = "$(BUILT_PRODUCTS_DIR)/SecondCEP.app/SecondCEP";
			};
			name = Debug;
		};
		D77512F125A4CD52007FF1D1 /* Release */ = {
			isa = XCBuildConfiguration;
			buildSettings = {
				ALWAYS_EMBED_SWIFT_STANDARD_LIBRARIES = YES;
				BUNDLE_LOADER = "$(TEST_HOST)";
				CODE_SIGN_STYLE = Automatic;
				DEVELOPMENT_TEAM = V4B9WRAZKW;
				INFOPLIST_FILE = SecondCEPTests/Info.plist;
				IPHONEOS_DEPLOYMENT_TARGET = 13.2;
				LD_RUNPATH_SEARCH_PATHS = (
					"$(inherited)",
					"@executable_path/Frameworks",
					"@loader_path/Frameworks",
				);
				PRODUCT_BUNDLE_IDENTIFIER = eu.rjch.SecondCEPTests;
				PRODUCT_NAME = "$(TARGET_NAME)";
				SWIFT_VERSION = 5.0;
				TARGETED_DEVICE_FAMILY = "1,2";
				TEST_HOST = "$(BUILT_PRODUCTS_DIR)/SecondCEP.app/SecondCEP";
			};
			name = Release;
		};
/* End XCBuildConfiguration section */

/* Begin XCConfigurationList section */
		D77512C825A4CD4E007FF1D1 /* Build configuration list for PBXProject "SecondCEP" */ = {
			isa = XCConfigurationList;
			buildConfigurations = (
				D77512EA25A4CD52007FF1D1 /* Debug */,
				D77512EB25A4CD52007FF1D1 /* Release */,
			);
			defaultConfigurationIsVisible = 0;
			defaultConfigurationName = Release;
		};
		D77512EC25A4CD52007FF1D1 /* Build configuration list for PBXNativeTarget "SecondCEP" */ = {
			isa = XCConfigurationList;
			buildConfigurations = (
				D77512ED25A4CD52007FF1D1 /* Debug */,
				D77512EE25A4CD52007FF1D1 /* Release */,
			);
			defaultConfigurationIsVisible = 0;
			defaultConfigurationName = Release;
		};
		D77512EF25A4CD52007FF1D1 /* Build configuration list for PBXNativeTarget "SecondCEPTests" */ = {
			isa = XCConfigurationList;
			buildConfigurations = (
				D77512F025A4CD52007FF1D1 /* Debug */,
				D77512F125A4CD52007FF1D1 /* Release */,
			);
			defaultConfigurationIsVisible = 0;
			defaultConfigurationName = Release;
		};
/* End XCConfigurationList section */
	};
	rootObject = D77512C525A4CD4E007FF1D1 /* Project object */;
}
